<?xml version="1.0" encoding="utf-8"?>
<Project ToolsVersion="4.0" xmlns="http://schemas.microsoft.com/developer/msbuild/2003">
  <ItemGroup>
    <Filter Include="ソース ファイル">
      <UniqueIdentifier>{4FC737F1-C7A5-4376-A066-2A32D752A2FF}</UniqueIdentifier>
      <Extensions>cpp;c;cc;cxx;def;odl;idl;hpj;bat;asm;asmx</Extensions>
    </Filter>
    <Filter Include="ヘッダー ファイル">
      <UniqueIdentifier>{93995380-89BD-4b04-88EB-625FBE52EBFB}</UniqueIdentifier>
      <Extensions>h;hh;hpp;hxx;hm;inl;inc;xsd</Extensions>
    </Filter>
    <Filter Include="リソース ファイル">
      <UniqueIdentifier>{67DA6AB6-F800-4c08-8B7A-83BB121AAD01}</UniqueIdentifier>
      <Extensions>rc;ico;cur;bmp;dlg;rc2;rct;bin;rgs;gif;jpg;jpeg;jpe;resx;tiff;tif;png;wav;mfcribbon-ms</Extensions>
    </Filter>
    <Filter Include="Scene">
      <UniqueIdentifier>{ae78da53-1ee4-4627-83ce-d6f196c557f8}</UniqueIdentifier>
    </Filter>
    <Filter Include="Stages">
      <UniqueIdentifier>{4a713ee1-cf55-48dc-a53e-11fe79e5a0a6}</UniqueIdentifier>
    </Filter>
    <Filter Include="Stages\cpp">
      <UniqueIdentifier>{a49b6547-0ecf-472e-893d-ddb12f4a0e9e}</UniqueIdentifier>
    </Filter>
    <Filter Include="Stages\h">
      <UniqueIdentifier>{d8a0424c-1ab0-4108-8aff-dba44f78ccf6}</UniqueIdentifier>
    </Filter>
    <Filter Include="Scene\cpp">
      <UniqueIdentifier>{459fa0ce-e2df-4498-acd5-8683fbf3bf51}</UniqueIdentifier>
    </Filter>
    <Filter Include="Scene\h">
      <UniqueIdentifier>{e5a6b9d6-632e-4f0c-ac1d-0716b0dace69}</UniqueIdentifier>
    </Filter>
    <Filter Include="MainLoopAndSystem">
      <UniqueIdentifier>{27201824-52da-4c98-a4a4-f0d04f937bf2}</UniqueIdentifier>
    </Filter>
    <Filter Include="MainLoopAndSystem\cpp">
      <UniqueIdentifier>{588ae123-49d7-4a23-9535-e9e789793756}</UniqueIdentifier>
    </Filter>
    <Filter Include="MainLoopAndSystem\h">
      <UniqueIdentifier>{bc5e6244-ab03-43e8-b78c-a6bfc53fa868}</UniqueIdentifier>
    </Filter>
    <Filter Include="Cosole">
      <UniqueIdentifier>{29f883fe-f3d3-4c80-96c8-304fa09e03d7}</UniqueIdentifier>
    </Filter>
    <Filter Include="Cosole\cpp">
      <UniqueIdentifier>{c0beff47-2aad-43a9-83f9-8a8730ae0971}</UniqueIdentifier>
    </Filter>
    <Filter Include="Cosole\h">
      <UniqueIdentifier>{dd732d46-c79b-4abf-b469-c52b339b4361}</UniqueIdentifier>
    </Filter>
  </ItemGroup>
  <ItemGroup>
    <ClCompile Include="Entry.cpp">
      <Filter>ソース ファイル</Filter>
    </ClCompile>
    <ClCompile Include="Stage1.cpp">
      <Filter>Stages\cpp</Filter>
    </ClCompile>
    <ClCompile Include="SceneGame.cpp">
      <Filter>Scene\cpp</Filter>
    </ClCompile>
    <ClCompile Include="SceneManager.cpp">
      <Filter>Scene\cpp</Filter>
    </ClCompile>
    <ClCompile Include="SceneTitle.cpp">
      <Filter>Scene\cpp</Filter>
    </ClCompile>
    <ClCompile Include="GameController.cpp">
      <Filter>MainLoopAndSystem\cpp</Filter>
    </ClCompile>
    <ClCompile Include="GameFrame.cpp">
      <Filter>MainLoopAndSystem\cpp</Filter>
    </ClCompile>
    <ClCompile Include="System.cpp">
      <Filter>MainLoopAndSystem\cpp</Filter>
    </ClCompile>
    <ClCompile Include="ConsoleWindow.cpp">
      <Filter>Cosole\cpp</Filter>
    </ClCompile>
  </ItemGroup>
  <ItemGroup>
    <ClInclude Include="Stage1.h">
      <Filter>Stages\h</Filter>
    </ClInclude>
    <ClInclude Include="SceneBase.h">
      <Filter>Scene\h</Filter>
    </ClInclude>
    <ClInclude Include="SceneGame.h">
      <Filter>Scene\h</Filter>
    </ClInclude>
    <ClInclude Include="SceneManager.h">
      <Filter>Scene\h</Filter>
    </ClInclude>
    <ClInclude Include="SceneTitle.h">
      <Filter>Scene\h</Filter>
    </ClInclude>
    <ClInclude Include="GameController.h">
      <Filter>MainLoopAndSystem\h</Filter>
    </ClInclude>
    <ClInclude Include="GameFrame.h">
      <Filter>MainLoopAndSystem\h</Filter>
    </ClInclude>
    <ClInclude Include="System.h">
      <Filter>MainLoopAndSystem\h</Filter>
    </ClInclude>
    <ClInclude Include="ConsoleWindow.h">
      <Filter>Cosole\h</Filter>
    </ClInclude>
  </ItemGroup>
</Project>